{
  "pins" : [
    {
      "identity" : "acarousel",
      "kind" : "remoteSourceControl",
      "location" : "https://github.com/JWAutumn/ACarousel",
      "state" : {
        "branch" : "main",
        "revision" : "807d859fb39ccaae2caf8ff60fb2ee1a5048f4ca"
      }
    },
    {
      "identity" : "dynamic",
      "kind" : "remoteSourceControl",
      "location" : "https://github.com/mhdhejazi/Dynamic/",
      "state" : {
        "branch" : "master",
        "revision" : "772883073d044bc754d401cabb6574624eb3778f"
      }
    },
    {
      "identity" : "map",
      "kind" : "remoteSourceControl",
      "location" : "https://github.com/pauljohanneskraft/Map",
      "state" : {
        "branch" : "main",
        "revision" : "3301884b87bc2ebf5325992e4bee8b075c1e12eb"
      }
    },
    {
      "identity" : "santanderwrappers",
      "kind" : "remoteSourceControl",
      "location" : "https://github.com/SerenaKit/SantanderWrappers",
      "state" : {
        "branch" : "main",
        "revision" : "78c19b2eeba612b0fb7b13df7ab304062ee22622"
      }
    },
    {
      "identity" : "swift-argument-parser",
      "kind" : "remoteSourceControl",
      "location" : "https://github.com/apple/swift-argument-parser.git",
      "state" : {
        "revision" : "fddd1c00396eed152c45a46bea9f47b98e59301d",
        "version" : "1.2.0"
      }
    },
    {
      "identity" : "zipfoundation",
      "kind" : "remoteSourceControl",
      "location" : "https://github.com/weichsel/ZIPFoundation",
      "state" : {
        "branch" : "development",
        "revision" : "43ec568034b3731101dbf7670765d671c30f54f3"
      }
    }
  ],
  "version" : 2
}
